github.com/pilinux/cryptoengine v0.1.14 h1:imDJ04dTBNifQ/16GyupT4M3Zq8QGekDcPSM4SoY1zw=
github.com/pilinux/cryptoengine v0.1.14/go.mod h1:At8/KllGD7lTDQ31vcjjp3bSN2/EZcKi6wo3ooO2JDs=
github.com/sec51/convert v1.0.2 h1:NoKWIRARjM3rQglNypMpcXSLLqPsN/uTTzaGeqDKbeg=
github.com/sec51/convert v1.0.2/go.mod h1:5qL/cT/oiOIvWXy2SccQ7LnacYftqqy9wdyFkTc1k2w=
golang.org/x/crypto v0.54.0 h1:YLIA59K4fiNzHzjnZt2tUJQjQtUWfWbeHBqKtk3eScw=
golang.org/x/crypto v0.54.0/go.mod h1:KWL8ny2AZdGR2cWmzeHrp2azQPGogOv+HeQaVEXC2dk=
golang.org/x/sync v0.22.0 h1:SZjpbeLmrCk4xhRSZFNZW5gFUeCeFgjekvI/+gfScek=
golang.org/x/sync v0.22.0/go.mod h1:9xrNwdLfx4jkKbNva9FpL6vEN7evnE43NNNJQ2LF3+0=
golang.org/x/sys v0.47.0 h1:o7XGOvZQCADBQQ4Y7VNq2dRWQR7JmOUW8Kxx4ZsNgWs=
golang.org/x/sys v0.47.0/go.mod h1:4GL1E5IUh+htKOUEOaiffhrAeqysfVGipDYzABqnCmw=
rsc.io/qr v0.2.0 h1:6vBLea5/NRMVTz8V66gipeLycZMl/+UlFmk8DvqQ6WY=
rsc.io/qr v0.2.0/go.mod h1:IF+uZjkb9fqyeF/4tlBoynqmQxUoPfWEKh921coOuXs=
