github.com/pilinux/cryptoengine v0.1.9 h1:GSdhRlUBlZS/t6WJjxAI2bmYUJx/+tshTjYkvNnLf38=
github.com/pilinux/cryptoengine v0.1.9/go.mod h1:rdTQ4GMpsPtSThWrnpQrUm70qaj6x+SJ17LGLygIfR4=
github.com/sec51/convert v1.0.2 h1:NoKWIRARjM3rQglNypMpcXSLLqPsN/uTTzaGeqDKbeg=
github.com/sec51/convert v1.0.2/go.mod h1:5qL/cT/oiOIvWXy2SccQ7LnacYftqqy9wdyFkTc1k2w=
golang.org/x/crypto v0.37.0 h1:kJNSjF/Xp7kU0iB2Z+9viTPMW4EqqsrywMXLJOOsXSE=
golang.org/x/crypto v0.37.0/go.mod h1:vg+k43peMZ0pUMhYmVAWysMK35e6ioLh3wB8ZCAfbVc=
golang.org/x/sync v0.11.0 h1:GGz8+XQP4FvTTrjZPzNKTMFtSXH80RAzG+5ghFPgK9w=
golang.org/x/sync v0.11.0/go.mod h1:Czt+wKu1gCyEFDUtn0jG5QVvpJ6rzVqr5aXyt9drQfk=
golang.org/x/sys v0.32.0 h1:s77OFDvIQeibCmezSnk/q6iAfkdiQaJi4VzroCFrN20=
golang.org/x/sys v0.32.0/go.mod h1:BJP2sWEmIv4KK5OTEluFJCKSidICx8ciO85XgH3Ak8k=
rsc.io/qr v0.2.0 h1:6vBLea5/NRMVTz8V66gipeLycZMl/+UlFmk8DvqQ6WY=
rsc.io/qr v0.2.0/go.mod h1:IF+uZjkb9fqyeF/4tlBoynqmQxUoPfWEKh921coOuXs=
