github.com/pilinux/cryptoengine v0.1.4 h1:3yJWNs7ufoz5+WpB1kTFHZUbD+kPi1ZFtGJpJKNxAmc=
github.com/pilinux/cryptoengine v0.1.4/go.mod h1:uofzxJKR1jCkBCxni0cXjRHvIjk+5oxz+HiPrB+kIxA=
github.com/sec51/convert v1.0.2 h1:NoKWIRARjM3rQglNypMpcXSLLqPsN/uTTzaGeqDKbeg=
github.com/sec51/convert v1.0.2/go.mod h1:5qL/cT/oiOIvWXy2SccQ7LnacYftqqy9wdyFkTc1k2w=
golang.org/x/crypto v0.23.0 h1:dIJU/v2J8Mdglj/8rJ6UUOM3Zc9zLZxVZwwxMooUSAI=
golang.org/x/crypto v0.23.0/go.mod h1:CKFgDieR+mRhux2Lsu27y0fO304Db0wZe70UKqHu0v8=
golang.org/x/sync v0.7.0 h1:YsImfSBoP9QPYL0xyKJPq0gcaJdG3rInoqxTWbfQu9M=
golang.org/x/sync v0.7.0/go.mod h1:Czt+wKu1gCyEFDUtn0jG5QVvpJ6rzVqr5aXyt9drQfk=
golang.org/x/sys v0.20.0 h1:Od9JTbYCk261bKm4M/mw7AklTlFYIa0bIp9BgSm1S8Y=
golang.org/x/sys v0.20.0/go.mod h1:/VUhepiaJMQUp4+oa/7Zr1D23ma6VTLIYjOOTFZPUcA=
rsc.io/qr v0.2.0 h1:6vBLea5/NRMVTz8V66gipeLycZMl/+UlFmk8DvqQ6WY=
rsc.io/qr v0.2.0/go.mod h1:IF+uZjkb9fqyeF/4tlBoynqmQxUoPfWEKh921coOuXs=
